
Microsoft Visual Studio Solution File, Format Version 12.00
# Visual Studio Version 16
VisualStudioVersion = 16.0.28803.156
MinimumVisualStudioVersion = 10.0.40219.1
Project("{FAE04EC0-301F-11D3-BF4B-00C04F79EFBC}") = "HelloForm", "HelloForm\HelloForm.csproj", "{5418695E-B740-45C4-B8A4-05C9A6C999AD}"
EndProject
Global
	GlobalSection(SolutionConfigurationPlatforms) = preSolution
		Debug|Any CPU = Debug|Any CPU
		Release|Any CPU = Release|Any CPU
	EndGlobalSection
	GlobalSection(ProjectConfigurationPlatforms) = postSolution
		{5418695E-B740-45C4-B8A4-05C9A6C999AD}.Debug|Any CPU.ActiveCfg = Debug|Any CPU
		{5418695E-B740-45C4-B8A4-05C9A6C999AD}.Debug|Any CPU.Build.0 = Debug|Any CPU
		{5418695E-B740-45C4-B8A4-05C9A6C999AD}.Release|Any CPU.ActiveCfg = Release|Any CPU
		{5418695E-B740-45C4-B8A4-05C9A6C999AD}.Release|Any CPU.Build.0 = Release|Any CPU
	EndGlobalSection
	GlobalSection(SolutionProperties) = preSolution
		HideSolutionNode = FALSE
	EndGlobalSection
	GlobalSection(ExtensibilityGlobals) = postSolution
		SolutionGuid = {8DDEB7AC-6462-4435-ADDE-CDC38300B8C4}
	EndGlobalSection
EndGlobal
